{
  "name": "library-homework",
  "version": "1.0.0",
  "lockfileVersion": 3,
  "requires": true,
  "packages": {
    "": {
      "name": "library-homework",
      "version": "1.0.0",
      "license": "ISC",
      "dependencies": {
        "@khazanovartem/ajs": "^1.0.0"
      }
    },
    "node_modules/@khazanovartem/ajs": {
      "version": "1.0.0",
      "resolved": "https://npm.pkg.github.com/download/@khazanovartem/ajs/1.0.0/882d5c561b8d417e4385f5c536cdf389d4ddd212",
      "integrity": "sha512-5chLzhLseRB//6BFZUSI4Yry+tXqrcSN9qy723PvZeuWYdHc5kPpbRcRD7Dbhm8/ECICQABHZq0XGauoARKGzA==",
      "license": "ISC"
    }
  }
}
